
Microsoft Visual Studio Solution File, Format Version 12.00
# Visual Studio 15
VisualStudioVersion = 15.0.27428.2037
MinimumVisualStudioVersion = 10.0.40219.1
Project("{FAE04EC0-301F-11D3-BF4B-00C04F79EFBC}") = "Falla2018.iOS", "Falla2018\Falla2018.iOS\Falla2018.iOS.csproj", "{D678BE59-2820-4759-9028-21C4F8A01E6F}"
EndProject
Project("{9A19103F-16F7-4668-BE54-9A1E7A4F7556}") = "Falla2018", "Falla2018\Falla2018\Falla2018.csproj", "{54F2C30D-9D0B-4BAC-9771-FA86ABDD103E}"
EndProject
Project("{FAE04EC0-301F-11D3-BF4B-00C04F79EFBC}") = "Falla2018.Domain", "Falla2018.Domain\Falla2018.Domain.csproj", "{16F872C3-80AB-4458-B750-588370CE7AD4}"
EndProject
Project("{FAE04EC0-301F-11D3-BF4B-00C04F79EFBC}") = "Falla2018.Backend", "Falla2018.Backend\Falla2018.Backend.csproj", "{58AE223B-1B4E-4CEC-A3FA-11B267E5A470}"
EndProject
Project("{FAE04EC0-301F-11D3-BF4B-00C04F79EFBC}") = "Falla2018.API", "Falla2018.API\Falla2018.API.csproj", "{8D320389-056A-4469-AA0B-503027B7C7CE}"
EndProject
Project("{FAE04EC0-301F-11D3-BF4B-00C04F79EFBC}") = "Falla2018.Android", "Falla2018.Android\Falla2018.Android.csproj", "{6DAAA8F3-54E7-4498-B7A2-B7E341991A4A}"
EndProject
Global
	GlobalSection(SolutionConfigurationPlatforms) = preSolution
		Ad-Hoc|Any CPU = Ad-Hoc|Any CPU
		Ad-Hoc|iPhone = Ad-Hoc|iPhone
		Ad-Hoc|iPhoneSimulator = Ad-Hoc|iPhoneSimulator
		AppStore|Any CPU = AppStore|Any CPU
		AppStore|iPhone = AppStore|iPhone
		AppStore|iPhoneSimulator = AppStore|iPhoneSimulator
		Debug|Any CPU = Debug|Any CPU
		Debug|iPhone = Debug|iPhone
		Debug|iPhoneSimulator = Debug|iPhoneSimulator
		Release|Any CPU = Release|Any CPU
		Release|iPhone = Release|iPhone
		Release|iPhoneSimulator = Release|iPhoneSimulator
	EndGlobalSection
	GlobalSection(ProjectConfigurationPlatforms) = postSolution
		{D678BE59-2820-4759-9028-21C4F8A01E6F}.Ad-Hoc|Any CPU.ActiveCfg = Ad-Hoc|iPhone
		{D678BE59-2820-4759-9028-21C4F8A01E6F}.Ad-Hoc|iPhone.ActiveCfg = Ad-Hoc|iPhone
		{D678BE59-2820-4759-9028-21C4F8A01E6F}.Ad-Hoc|iPhone.Build.0 = Ad-Hoc|iPhone
		{D678BE59-2820-4759-9028-21C4F8A01E6F}.Ad-Hoc|iPhoneSimulator.ActiveCfg = Ad-Hoc|iPhoneSimulator
		{D678BE59-2820-4759-9028-21C4F8A01E6F}.Ad-Hoc|iPhoneSimulator.Build.0 = Ad-Hoc|iPhoneSimulator
		{D678BE59-2820-4759-9028-21C4F8A01E6F}.AppStore|Any CPU.ActiveCfg = AppStore|iPhone
		{D678BE59-2820-4759-9028-21C4F8A01E6F}.AppStore|iPhone.ActiveCfg = AppStore|iPhone
		{D678BE59-2820-4759-9028-21C4F8A01E6F}.AppStore|iPhone.Build.0 = AppStore|iPhone
		{D678BE59-2820-4759-9028-21C4F8A01E6F}.AppStore|iPhoneSimulator.ActiveCfg = AppStore|iPhoneSimulator
		{D678BE59-2820-4759-9028-21C4F8A01E6F}.AppStore|iPhoneSimulator.Build.0 = AppStore|iPhoneSimulator
		{D678BE59-2820-4759-9028-21C4F8A01E6F}.Debug|Any CPU.ActiveCfg = Debug|iPhone
		{D678BE59-2820-4759-9028-21C4F8A01E6F}.Debug|iPhone.ActiveCfg = Debug|iPhone
		{D678BE59-2820-4759-9028-21C4F8A01E6F}.Debug|iPhone.Build.0 = Debug|iPhone
		{D678BE59-2820-4759-9028-21C4F8A01E6F}.Debug|iPhoneSimulator.ActiveCfg = Debug|iPhoneSimulator
		{D678BE59-2820-4759-9028-21C4F8A01E6F}.Debug|iPhoneSimulator.Build.0 = Debug|iPhoneSimulator
		{D678BE59-2820-4759-9028-21C4F8A01E6F}.Release|Any CPU.ActiveCfg = Release|iPhone
		{D678BE59-2820-4759-9028-21C4F8A01E6F}.Release|iPhone.ActiveCfg = Release|iPhone
		{D678BE59-2820-4759-9028-21C4F8A01E6F}.Release|iPhone.Build.0 = Release|iPhone
		{D678BE59-2820-4759-9028-21C4F8A01E6F}.Release|iPhoneSimulator.ActiveCfg = Release|iPhoneSimulator
		{D678BE59-2820-4759-9028-21C4F8A01E6F}.Release|iPhoneSimulator.Build.0 = Release|iPhoneSimulator
		{54F2C30D-9D0B-4BAC-9771-FA86ABDD103E}.Ad-Hoc|Any CPU.ActiveCfg = Debug|Any CPU
		{54F2C30D-9D0B-4BAC-9771-FA86ABDD103E}.Ad-Hoc|Any CPU.Build.0 = Debug|Any CPU
		{54F2C30D-9D0B-4BAC-9771-FA86ABDD103E}.Ad-Hoc|iPhone.ActiveCfg = Debug|Any CPU
		{54F2C30D-9D0B-4BAC-9771-FA86ABDD103E}.Ad-Hoc|iPhone.Build.0 = Debug|Any CPU
		{54F2C30D-9D0B-4BAC-9771-FA86ABDD103E}.Ad-Hoc|iPhoneSimulator.ActiveCfg = Debug|Any CPU
		{54F2C30D-9D0B-4BAC-9771-FA86ABDD103E}.Ad-Hoc|iPhoneSimulator.Build.0 = Debug|Any CPU
		{54F2C30D-9D0B-4BAC-9771-FA86ABDD103E}.AppStore|Any CPU.ActiveCfg = Debug|Any CPU
		{54F2C30D-9D0B-4BAC-9771-FA86ABDD103E}.AppStore|Any CPU.Build.0 = Debug|Any CPU
		{54F2C30D-9D0B-4BAC-9771-FA86ABDD103E}.AppStore|iPhone.ActiveCfg = Debug|Any CPU
		{54F2C30D-9D0B-4BAC-9771-FA86ABDD103E}.AppStore|iPhone.Build.0 = Debug|Any CPU
		{54F2C30D-9D0B-4BAC-9771-FA86ABDD103E}.AppStore|iPhoneSimulator.ActiveCfg = Debug|Any CPU
		{54F2C30D-9D0B-4BAC-9771-FA86ABDD103E}.AppStore|iPhoneSimulator.Build.0 = Debug|Any CPU
		{54F2C30D-9D0B-4BAC-9771-FA86ABDD103E}.Debug|Any CPU.ActiveCfg = Debug|Any CPU
		{54F2C30D-9D0B-4BAC-9771-FA86ABDD103E}.Debug|Any CPU.Build.0 = Debug|Any CPU
		{54F2C30D-9D0B-4BAC-9771-FA86ABDD103E}.Debug|iPhone.ActiveCfg = Debug|Any CPU
		{54F2C30D-9D0B-4BAC-9771-FA86ABDD103E}.Debug|iPhone.Build.0 = Debug|Any CPU
		{54F2C30D-9D0B-4BAC-9771-FA86ABDD103E}.Debug|iPhoneSimulator.ActiveCfg = Debug|Any CPU
		{54F2C30D-9D0B-4BAC-9771-FA86ABDD103E}.Debug|iPhoneSimulator.Build.0 = Debug|Any CPU
		{54F2C30D-9D0B-4BAC-9771-FA86ABDD103E}.Release|Any CPU.ActiveCfg = Release|Any CPU
		{54F2C30D-9D0B-4BAC-9771-FA86ABDD103E}.Release|Any CPU.Build.0 = Release|Any CPU
		{54F2C30D-9D0B-4BAC-9771-FA86ABDD103E}.Release|iPhone.ActiveCfg = Release|Any CPU
		{54F2C30D-9D0B-4BAC-9771-FA86ABDD103E}.Release|iPhone.Build.0 = Release|Any CPU
		{54F2C30D-9D0B-4BAC-9771-FA86ABDD103E}.Release|iPhoneSimulator.ActiveCfg = Release|Any CPU
		{54F2C30D-9D0B-4BAC-9771-FA86ABDD103E}.Release|iPhoneSimulator.Build.0 = Release|Any CPU
		{16F872C3-80AB-4458-B750-588370CE7AD4}.Ad-Hoc|Any CPU.ActiveCfg = Release|Any CPU
		{16F872C3-80AB-4458-B750-588370CE7AD4}.Ad-Hoc|Any CPU.Build.0 = Release|Any CPU
		{16F872C3-80AB-4458-B750-588370CE7AD4}.Ad-Hoc|iPhone.ActiveCfg = Release|Any CPU
		{16F872C3-80AB-4458-B750-588370CE7AD4}.Ad-Hoc|iPhone.Build.0 = Release|Any CPU
		{16F872C3-80AB-4458-B750-588370CE7AD4}.Ad-Hoc|iPhoneSimulator.ActiveCfg = Release|Any CPU
		{16F872C3-80AB-4458-B750-588370CE7AD4}.Ad-Hoc|iPhoneSimulator.Build.0 = Release|Any CPU
		{16F872C3-80AB-4458-B750-588370CE7AD4}.AppStore|Any CPU.ActiveCfg = Release|Any CPU
		{16F872C3-80AB-4458-B750-588370CE7AD4}.AppStore|Any CPU.Build.0 = Release|Any CPU
		{16F872C3-80AB-4458-B750-588370CE7AD4}.AppStore|iPhone.ActiveCfg = Release|Any CPU
		{16F872C3-80AB-4458-B750-588370CE7AD4}.AppStore|iPhone.Build.0 = Release|Any CPU
		{16F872C3-80AB-4458-B750-588370CE7AD4}.AppStore|iPhoneSimulator.ActiveCfg = Release|Any CPU
		{16F872C3-80AB-4458-B750-588370CE7AD4}.AppStore|iPhoneSimulator.Build.0 = Release|Any CPU
		{16F872C3-80AB-4458-B750-588370CE7AD4}.Debug|Any CPU.ActiveCfg = Debug|Any CPU
		{16F872C3-80AB-4458-B750-588370CE7AD4}.Debug|Any CPU.Build.0 = Debug|Any CPU
		{16F872C3-80AB-4458-B750-588370CE7AD4}.Debug|iPhone.ActiveCfg = Debug|Any CPU
		{16F872C3-80AB-4458-B750-588370CE7AD4}.Debug|iPhone.Build.0 = Debug|Any CPU
		{16F872C3-80AB-4458-B750-588370CE7AD4}.Debug|iPhoneSimulator.ActiveCfg = Debug|Any CPU
		{16F872C3-80AB-4458-B750-588370CE7AD4}.Debug|iPhoneSimulator.Build.0 = Debug|Any CPU
		{16F872C3-80AB-4458-B750-588370CE7AD4}.Release|Any CPU.ActiveCfg = Release|Any CPU
		{16F872C3-80AB-4458-B750-588370CE7AD4}.Release|Any CPU.Build.0 = Release|Any CPU
		{16F872C3-80AB-4458-B750-588370CE7AD4}.Release|iPhone.ActiveCfg = Release|Any CPU
		{16F872C3-80AB-4458-B750-588370CE7AD4}.Release|iPhone.Build.0 = Release|Any CPU
		{16F872C3-80AB-4458-B750-588370CE7AD4}.Release|iPhoneSimulator.ActiveCfg = Release|Any CPU
		{16F872C3-80AB-4458-B750-588370CE7AD4}.Release|iPhoneSimulator.Build.0 = Release|Any CPU
		{58AE223B-1B4E-4CEC-A3FA-11B267E5A470}.Ad-Hoc|Any CPU.ActiveCfg = Release|Any CPU
		{58AE223B-1B4E-4CEC-A3FA-11B267E5A470}.Ad-Hoc|Any CPU.Build.0 = Release|Any CPU
		{58AE223B-1B4E-4CEC-A3FA-11B267E5A470}.Ad-Hoc|iPhone.ActiveCfg = Release|Any CPU
		{58AE223B-1B4E-4CEC-A3FA-11B267E5A470}.Ad-Hoc|iPhone.Build.0 = Release|Any CPU
		{58AE223B-1B4E-4CEC-A3FA-11B267E5A470}.Ad-Hoc|iPhoneSimulator.ActiveCfg = Release|Any CPU
		{58AE223B-1B4E-4CEC-A3FA-11B267E5A470}.Ad-Hoc|iPhoneSimulator.Build.0 = Release|Any CPU
		{58AE223B-1B4E-4CEC-A3FA-11B267E5A470}.AppStore|Any CPU.ActiveCfg = Release|Any CPU
		{58AE223B-1B4E-4CEC-A3FA-11B267E5A470}.AppStore|Any CPU.Build.0 = Release|Any CPU
		{58AE223B-1B4E-4CEC-A3FA-11B267E5A470}.AppStore|iPhone.ActiveCfg = Release|Any CPU
		{58AE223B-1B4E-4CEC-A3FA-11B267E5A470}.AppStore|iPhone.Build.0 = Release|Any CPU
		{58AE223B-1B4E-4CEC-A3FA-11B267E5A470}.AppStore|iPhoneSimulator.ActiveCfg = Release|Any CPU
		{58AE223B-1B4E-4CEC-A3FA-11B267E5A470}.AppStore|iPhoneSimulator.Build.0 = Release|Any CPU
		{58AE223B-1B4E-4CEC-A3FA-11B267E5A470}.Debug|Any CPU.ActiveCfg = Debug|Any CPU
		{58AE223B-1B4E-4CEC-A3FA-11B267E5A470}.Debug|Any CPU.Build.0 = Debug|Any CPU
		{58AE223B-1B4E-4CEC-A3FA-11B267E5A470}.Debug|iPhone.ActiveCfg = Debug|Any CPU
		{58AE223B-1B4E-4CEC-A3FA-11B267E5A470}.Debug|iPhone.Build.0 = Debug|Any CPU
		{58AE223B-1B4E-4CEC-A3FA-11B267E5A470}.Debug|iPhoneSimulator.ActiveCfg = Debug|Any CPU
		{58AE223B-1B4E-4CEC-A3FA-11B267E5A470}.Debug|iPhoneSimulator.Build.0 = Debug|Any CPU
		{58AE223B-1B4E-4CEC-A3FA-11B267E5A470}.Release|Any CPU.ActiveCfg = Release|Any CPU
		{58AE223B-1B4E-4CEC-A3FA-11B267E5A470}.Release|Any CPU.Build.0 = Release|Any CPU
		{58AE223B-1B4E-4CEC-A3FA-11B267E5A470}.Release|iPhone.ActiveCfg = Release|Any CPU
		{58AE223B-1B4E-4CEC-A3FA-11B267E5A470}.Release|iPhone.Build.0 = Release|Any CPU
		{58AE223B-1B4E-4CEC-A3FA-11B267E5A470}.Release|iPhoneSimulator.ActiveCfg = Release|Any CPU
		{58AE223B-1B4E-4CEC-A3FA-11B267E5A470}.Release|iPhoneSimulator.Build.0 = Release|Any CPU
		{8D320389-056A-4469-AA0B-503027B7C7CE}.Ad-Hoc|Any CPU.ActiveCfg = Release|Any CPU
		{8D320389-056A-4469-AA0B-503027B7C7CE}.Ad-Hoc|Any CPU.Build.0 = Release|Any CPU
		{8D320389-056A-4469-AA0B-503027B7C7CE}.Ad-Hoc|iPhone.ActiveCfg = Release|Any CPU
		{8D320389-056A-4469-AA0B-503027B7C7CE}.Ad-Hoc|iPhone.Build.0 = Release|Any CPU
		{8D320389-056A-4469-AA0B-503027B7C7CE}.Ad-Hoc|iPhoneSimulator.ActiveCfg = Release|Any CPU
		{8D320389-056A-4469-AA0B-503027B7C7CE}.Ad-Hoc|iPhoneSimulator.Build.0 = Release|Any CPU
		{8D320389-056A-4469-AA0B-503027B7C7CE}.AppStore|Any CPU.ActiveCfg = Release|Any CPU
		{8D320389-056A-4469-AA0B-503027B7C7CE}.AppStore|Any CPU.Build.0 = Release|Any CPU
		{8D320389-056A-4469-AA0B-503027B7C7CE}.AppStore|iPhone.ActiveCfg = Release|Any CPU
		{8D320389-056A-4469-AA0B-503027B7C7CE}.AppStore|iPhone.Build.0 = Release|Any CPU
		{8D320389-056A-4469-AA0B-503027B7C7CE}.AppStore|iPhoneSimulator.ActiveCfg = Release|Any CPU
		{8D320389-056A-4469-AA0B-503027B7C7CE}.AppStore|iPhoneSimulator.Build.0 = Release|Any CPU
		{8D320389-056A-4469-AA0B-503027B7C7CE}.Debug|Any CPU.ActiveCfg = Debug|Any CPU
		{8D320389-056A-4469-AA0B-503027B7C7CE}.Debug|Any CPU.Build.0 = Debug|Any CPU
		{8D320389-056A-4469-AA0B-503027B7C7CE}.Debug|iPhone.ActiveCfg = Debug|Any CPU
		{8D320389-056A-4469-AA0B-503027B7C7CE}.Debug|iPhone.Build.0 = Debug|Any CPU
		{8D320389-056A-4469-AA0B-503027B7C7CE}.Debug|iPhoneSimulator.ActiveCfg = Debug|Any CPU
		{8D320389-056A-4469-AA0B-503027B7C7CE}.Debug|iPhoneSimulator.Build.0 = Debug|Any CPU
		{8D320389-056A-4469-AA0B-503027B7C7CE}.Release|Any CPU.ActiveCfg = Release|Any CPU
		{8D320389-056A-4469-AA0B-503027B7C7CE}.Release|Any CPU.Build.0 = Release|Any CPU
		{8D320389-056A-4469-AA0B-503027B7C7CE}.Release|iPhone.ActiveCfg = Release|Any CPU
		{8D320389-056A-4469-AA0B-503027B7C7CE}.Release|iPhone.Build.0 = Release|Any CPU
		{8D320389-056A-4469-AA0B-503027B7C7CE}.Release|iPhoneSimulator.ActiveCfg = Release|Any CPU
		{8D320389-056A-4469-AA0B-503027B7C7CE}.Release|iPhoneSimulator.Build.0 = Release|Any CPU
		{6DAAA8F3-54E7-4498-B7A2-B7E341991A4A}.Ad-Hoc|Any CPU.ActiveCfg = Release|Any CPU
		{6DAAA8F3-54E7-4498-B7A2-B7E341991A4A}.Ad-Hoc|Any CPU.Build.0 = Release|Any CPU
		{6DAAA8F3-54E7-4498-B7A2-B7E341991A4A}.Ad-Hoc|Any CPU.Deploy.0 = Release|Any CPU
		{6DAAA8F3-54E7-4498-B7A2-B7E341991A4A}.Ad-Hoc|iPhone.ActiveCfg = Release|Any CPU
		{6DAAA8F3-54E7-4498-B7A2-B7E341991A4A}.Ad-Hoc|iPhone.Build.0 = Release|Any CPU
		{6DAAA8F3-54E7-4498-B7A2-B7E341991A4A}.Ad-Hoc|iPhone.Deploy.0 = Release|Any CPU
		{6DAAA8F3-54E7-4498-B7A2-B7E341991A4A}.Ad-Hoc|iPhoneSimulator.ActiveCfg = Release|Any CPU
		{6DAAA8F3-54E7-4498-B7A2-B7E341991A4A}.Ad-Hoc|iPhoneSimulator.Build.0 = Release|Any CPU
		{6DAAA8F3-54E7-4498-B7A2-B7E341991A4A}.Ad-Hoc|iPhoneSimulator.Deploy.0 = Release|Any CPU
		{6DAAA8F3-54E7-4498-B7A2-B7E341991A4A}.AppStore|Any CPU.ActiveCfg = Release|Any CPU
		{6DAAA8F3-54E7-4498-B7A2-B7E341991A4A}.AppStore|Any CPU.Build.0 = Release|Any CPU
		{6DAAA8F3-54E7-4498-B7A2-B7E341991A4A}.AppStore|Any CPU.Deploy.0 = Release|Any CPU
		{6DAAA8F3-54E7-4498-B7A2-B7E341991A4A}.AppStore|iPhone.ActiveCfg = Release|Any CPU
		{6DAAA8F3-54E7-4498-B7A2-B7E341991A4A}.AppStore|iPhone.Build.0 = Release|Any CPU
		{6DAAA8F3-54E7-4498-B7A2-B7E341991A4A}.AppStore|iPhone.Deploy.0 = Release|Any CPU
		{6DAAA8F3-54E7-4498-B7A2-B7E341991A4A}.AppStore|iPhoneSimulator.ActiveCfg = Release|Any CPU
		{6DAAA8F3-54E7-4498-B7A2-B7E341991A4A}.AppStore|iPhoneSimulator.Build.0 = Release|Any CPU
		{6DAAA8F3-54E7-4498-B7A2-B7E341991A4A}.AppStore|iPhoneSimulator.Deploy.0 = Release|Any CPU
		{6DAAA8F3-54E7-4498-B7A2-B7E341991A4A}.Debug|Any CPU.ActiveCfg = Debug|Any CPU
		{6DAAA8F3-54E7-4498-B7A2-B7E341991A4A}.Debug|Any CPU.Build.0 = Debug|Any CPU
		{6DAAA8F3-54E7-4498-B7A2-B7E341991A4A}.Debug|Any CPU.Deploy.0 = Debug|Any CPU
		{6DAAA8F3-54E7-4498-B7A2-B7E341991A4A}.Debug|iPhone.ActiveCfg = Debug|Any CPU
		{6DAAA8F3-54E7-4498-B7A2-B7E341991A4A}.Debug|iPhone.Build.0 = Debug|Any CPU
		{6DAAA8F3-54E7-4498-B7A2-B7E341991A4A}.Debug|iPhone.Deploy.0 = Debug|Any CPU
		{6DAAA8F3-54E7-4498-B7A2-B7E341991A4A}.Debug|iPhoneSimulator.ActiveCfg = Debug|Any CPU
		{6DAAA8F3-54E7-4498-B7A2-B7E341991A4A}.Debug|iPhoneSimulator.Build.0 = Debug|Any CPU
		{6DAAA8F3-54E7-4498-B7A2-B7E341991A4A}.Debug|iPhoneSimulator.Deploy.0 = Debug|Any CPU
		{6DAAA8F3-54E7-4498-B7A2-B7E341991A4A}.Release|Any CPU.ActiveCfg = Release|Any CPU
		{6DAAA8F3-54E7-4498-B7A2-B7E341991A4A}.Release|Any CPU.Build.0 = Release|Any CPU
		{6DAAA8F3-54E7-4498-B7A2-B7E341991A4A}.Release|Any CPU.Deploy.0 = Release|Any CPU
		{6DAAA8F3-54E7-4498-B7A2-B7E341991A4A}.Release|iPhone.ActiveCfg = Release|Any CPU
		{6DAAA8F3-54E7-4498-B7A2-B7E341991A4A}.Release|iPhone.Build.0 = Release|Any CPU
		{6DAAA8F3-54E7-4498-B7A2-B7E341991A4A}.Release|iPhone.Deploy.0 = Release|Any CPU
		{6DAAA8F3-54E7-4498-B7A2-B7E341991A4A}.Release|iPhoneSimulator.ActiveCfg = Release|Any CPU
		{6DAAA8F3-54E7-4498-B7A2-B7E341991A4A}.Release|iPhoneSimulator.Build.0 = Release|Any CPU
		{6DAAA8F3-54E7-4498-B7A2-B7E341991A4A}.Release|iPhoneSimulator.Deploy.0 = Release|Any CPU
	EndGlobalSection
	GlobalSection(SolutionProperties) = preSolution
		HideSolutionNode = FALSE
	EndGlobalSection
	GlobalSection(ExtensibilityGlobals) = postSolution
		SolutionGuid = {2F3847C7-38E4-44A8-BA73-2240D425A840}
	EndGlobalSection
EndGlobal
